
Microsoft Visual Studio Solution File, Format Version 12.00
# Visual Studio 15
VisualStudioVersion = 15.0.27703.2026
MinimumVisualStudioVersion = 10.0.40219.1
Project("{2150E333-8FDC-42A3-9474-1A3956D46DE8}") = "src", "src", "{DACECC63-6DEC-453A-94BE-D1229E202454}"
EndProject
Project("{FAE04EC0-301F-11D3-BF4B-00C04F79EFBC}") = "eDoc.Web", "src\eDoc.Web\eDoc.Web.csproj", "{A925D099-2997-406D-9A69-743551EEE992}"
EndProject
Project("{FAE04EC0-301F-11D3-BF4B-00C04F79EFBC}") = "eDoc.Model", "src\eDoc.Model\eDoc.Model.csproj", "{B73E8AF1-B367-46B1-90EC-A0402CF719C7}"
EndProject
Global
	GlobalSection(SolutionConfigurationPlatforms) = preSolution
		Debug|Any CPU = Debug|Any CPU
		Release|Any CPU = Release|Any CPU
	EndGlobalSection
	GlobalSection(ProjectConfigurationPlatforms) = postSolution
		{A925D099-2997-406D-9A69-743551EEE992}.Debug|Any CPU.ActiveCfg = Debug|Any CPU
		{A925D099-2997-406D-9A69-743551EEE992}.Debug|Any CPU.Build.0 = Debug|Any CPU
		{A925D099-2997-406D-9A69-743551EEE992}.Release|Any CPU.ActiveCfg = Release|Any CPU
		{A925D099-2997-406D-9A69-743551EEE992}.Release|Any CPU.Build.0 = Release|Any CPU
		{B73E8AF1-B367-46B1-90EC-A0402CF719C7}.Debug|Any CPU.ActiveCfg = Debug|Any CPU
		{B73E8AF1-B367-46B1-90EC-A0402CF719C7}.Debug|Any CPU.Build.0 = Debug|Any CPU
		{B73E8AF1-B367-46B1-90EC-A0402CF719C7}.Release|Any CPU.ActiveCfg = Release|Any CPU
		{B73E8AF1-B367-46B1-90EC-A0402CF719C7}.Release|Any CPU.Build.0 = Release|Any CPU
	EndGlobalSection
	GlobalSection(SolutionProperties) = preSolution
		HideSolutionNode = FALSE
	EndGlobalSection
	GlobalSection(NestedProjects) = preSolution
		{A925D099-2997-406D-9A69-743551EEE992} = {DACECC63-6DEC-453A-94BE-D1229E202454}
		{B73E8AF1-B367-46B1-90EC-A0402CF719C7} = {DACECC63-6DEC-453A-94BE-D1229E202454}
	EndGlobalSection
	GlobalSection(ExtensibilityGlobals) = postSolution
		SolutionGuid = {5E83B5E7-10D0-4472-8A68-108242698847}
	EndGlobalSection
EndGlobal
